
Microsoft Visual Studio Solution File, Format Version 12.00
# Visual Studio Version 17
VisualStudioVersion = 17.4.33213.308
MinimumVisualStudioVersion = 10.0.40219.1
Project("{2150E333-8FDC-42A3-9474-1A3956D46DE8}") = "Models", "Models", "{2913BD9D-44F2-4B03-A073-DFC519E67912}"
EndProject
Project("{2150E333-8FDC-42A3-9474-1A3956D46DE8}") = "ViewModels", "ViewModels", "{7468F1A7-31B5-43A2-B3A1-0634324B3C48}"
EndProject
Project("{2150E333-8FDC-42A3-9474-1A3956D46DE8}") = "Views", "Views", "{30B8BDA9-0F6C-467C-8A2D-2D9A458CF57D}"
EndProject
Project("{9A19103F-16F7-4668-BE54-9A1E7A4F7556}") = "CoreModel", "Models\CoreModel\CoreModel.csproj", "{8C89BC3F-BA13-46E8-B31E-BBD2A0F9C097}"
EndProject
Project("{9A19103F-16F7-4668-BE54-9A1E7A4F7556}") = "ViewModelCommandsBases", "ViewModels\ViewModelCommandsBases\ViewModelCommandsBases.csproj", "{000E89A6-3049-4DC2-A372-9CA910ACDB6A}"
EndProject
Global
	GlobalSection(SolutionConfigurationPlatforms) = preSolution
		Debug|Any CPU = Debug|Any CPU
		Release|Any CPU = Release|Any CPU
	EndGlobalSection
	GlobalSection(ProjectConfigurationPlatforms) = postSolution
		{8C89BC3F-BA13-46E8-B31E-BBD2A0F9C097}.Debug|Any CPU.ActiveCfg = Debug|Any CPU
		{8C89BC3F-BA13-46E8-B31E-BBD2A0F9C097}.Debug|Any CPU.Build.0 = Debug|Any CPU
		{8C89BC3F-BA13-46E8-B31E-BBD2A0F9C097}.Release|Any CPU.ActiveCfg = Release|Any CPU
		{8C89BC3F-BA13-46E8-B31E-BBD2A0F9C097}.Release|Any CPU.Build.0 = Release|Any CPU
		{000E89A6-3049-4DC2-A372-9CA910ACDB6A}.Debug|Any CPU.ActiveCfg = Debug|Any CPU
		{000E89A6-3049-4DC2-A372-9CA910ACDB6A}.Debug|Any CPU.Build.0 = Debug|Any CPU
		{000E89A6-3049-4DC2-A372-9CA910ACDB6A}.Release|Any CPU.ActiveCfg = Release|Any CPU
		{000E89A6-3049-4DC2-A372-9CA910ACDB6A}.Release|Any CPU.Build.0 = Release|Any CPU
	EndGlobalSection
	GlobalSection(SolutionProperties) = preSolution
		HideSolutionNode = FALSE
	EndGlobalSection
	GlobalSection(NestedProjects) = preSolution
		{8C89BC3F-BA13-46E8-B31E-BBD2A0F9C097} = {2913BD9D-44F2-4B03-A073-DFC519E67912}
		{000E89A6-3049-4DC2-A372-9CA910ACDB6A} = {7468F1A7-31B5-43A2-B3A1-0634324B3C48}
	EndGlobalSection
	GlobalSection(ExtensibilityGlobals) = postSolution
		SolutionGuid = {AF1AA342-2309-4531-AFAC-8DA011E66DBA}
	EndGlobalSection
EndGlobal
